
Microsoft Visual Studio Solution File, Format Version 12.00
# Visual Studio 15
Project("{FAE04EC0-301F-11D3-BF4B-00C04F79EFBC}") = "EMS2.Android", "EMS2.Android\EMS2.Android.csproj", "{96E0C9C4-626F-4951-8E9C-AD488DAB2513}"
EndProject
Project("{FAE04EC0-301F-11D3-BF4B-00C04F79EFBC}") = "EMS2.iOS", "EMS2.iOS\EMS2.iOS.csproj", "{F51B4F68-0456-4F22-9809-C1DA30CE5069}"
EndProject
Project("{FAE04EC0-301F-11D3-BF4B-00C04F79EFBC}") = "EMS2", "EMS2\EMS2.csproj", "{12584BBB-3EA3-4A53-8FA7-D785149282B6}"
EndProject
Global
	GlobalSection(SolutionConfigurationPlatforms) = preSolution
		Debug|Any CPU = Debug|Any CPU
		Release|Any CPU = Release|Any CPU
		Debug|iPhoneSimulator = Debug|iPhoneSimulator
		Release|iPhoneSimulator = Release|iPhoneSimulator
		Debug|iPhone = Debug|iPhone
		Release|iPhone = Release|iPhone
	EndGlobalSection
	GlobalSection(ProjectConfigurationPlatforms) = postSolution
		{96E0C9C4-626F-4951-8E9C-AD488DAB2513}.Debug|Any CPU.ActiveCfg = Debug|Any CPU
		{96E0C9C4-626F-4951-8E9C-AD488DAB2513}.Debug|Any CPU.Build.0 = Debug|Any CPU
		{96E0C9C4-626F-4951-8E9C-AD488DAB2513}.Release|Any CPU.ActiveCfg = Release|Any CPU
		{96E0C9C4-626F-4951-8E9C-AD488DAB2513}.Release|Any CPU.Build.0 = Release|Any CPU
		{96E0C9C4-626F-4951-8E9C-AD488DAB2513}.Debug|iPhoneSimulator.ActiveCfg = Debug|Any CPU
		{96E0C9C4-626F-4951-8E9C-AD488DAB2513}.Debug|iPhoneSimulator.Build.0 = Debug|Any CPU
		{96E0C9C4-626F-4951-8E9C-AD488DAB2513}.Release|iPhoneSimulator.ActiveCfg = Release|Any CPU
		{96E0C9C4-626F-4951-8E9C-AD488DAB2513}.Release|iPhoneSimulator.Build.0 = Release|Any CPU
		{96E0C9C4-626F-4951-8E9C-AD488DAB2513}.Debug|iPhone.ActiveCfg = Debug|Any CPU
		{96E0C9C4-626F-4951-8E9C-AD488DAB2513}.Debug|iPhone.Build.0 = Debug|Any CPU
		{96E0C9C4-626F-4951-8E9C-AD488DAB2513}.Release|iPhone.ActiveCfg = Release|Any CPU
		{96E0C9C4-626F-4951-8E9C-AD488DAB2513}.Release|iPhone.Build.0 = Release|Any CPU
		{F51B4F68-0456-4F22-9809-C1DA30CE5069}.Debug|Any CPU.ActiveCfg = Debug|iPhoneSimulator
		{F51B4F68-0456-4F22-9809-C1DA30CE5069}.Debug|Any CPU.Build.0 = Debug|iPhoneSimulator
		{F51B4F68-0456-4F22-9809-C1DA30CE5069}.Release|Any CPU.ActiveCfg = Release|iPhoneSimulator
		{F51B4F68-0456-4F22-9809-C1DA30CE5069}.Release|Any CPU.Build.0 = Release|iPhoneSimulator
		{F51B4F68-0456-4F22-9809-C1DA30CE5069}.Debug|iPhoneSimulator.ActiveCfg = Debug|iPhoneSimulator
		{F51B4F68-0456-4F22-9809-C1DA30CE5069}.Debug|iPhoneSimulator.Build.0 = Debug|iPhoneSimulator
		{F51B4F68-0456-4F22-9809-C1DA30CE5069}.Release|iPhoneSimulator.ActiveCfg = Release|iPhoneSimulator
		{F51B4F68-0456-4F22-9809-C1DA30CE5069}.Release|iPhoneSimulator.Build.0 = Release|iPhoneSimulator
		{F51B4F68-0456-4F22-9809-C1DA30CE5069}.Debug|iPhone.ActiveCfg = Debug|iPhone
		{F51B4F68-0456-4F22-9809-C1DA30CE5069}.Debug|iPhone.Build.0 = Debug|iPhone
		{F51B4F68-0456-4F22-9809-C1DA30CE5069}.Release|iPhone.ActiveCfg = Release|iPhone
		{F51B4F68-0456-4F22-9809-C1DA30CE5069}.Release|iPhone.Build.0 = Release|iPhone
		{12584BBB-3EA3-4A53-8FA7-D785149282B6}.Debug|Any CPU.ActiveCfg = Debug|Any CPU
		{12584BBB-3EA3-4A53-8FA7-D785149282B6}.Debug|Any CPU.Build.0 = Debug|Any CPU
		{12584BBB-3EA3-4A53-8FA7-D785149282B6}.Release|Any CPU.ActiveCfg = Release|Any CPU
		{12584BBB-3EA3-4A53-8FA7-D785149282B6}.Release|Any CPU.Build.0 = Release|Any CPU
		{12584BBB-3EA3-4A53-8FA7-D785149282B6}.Debug|iPhoneSimulator.ActiveCfg = Debug|Any CPU
		{12584BBB-3EA3-4A53-8FA7-D785149282B6}.Debug|iPhoneSimulator.Build.0 = Debug|Any CPU
		{12584BBB-3EA3-4A53-8FA7-D785149282B6}.Release|iPhoneSimulator.ActiveCfg = Release|Any CPU
		{12584BBB-3EA3-4A53-8FA7-D785149282B6}.Release|iPhoneSimulator.Build.0 = Release|Any CPU
		{12584BBB-3EA3-4A53-8FA7-D785149282B6}.Debug|iPhone.ActiveCfg = Debug|Any CPU
		{12584BBB-3EA3-4A53-8FA7-D785149282B6}.Debug|iPhone.Build.0 = Debug|Any CPU
		{12584BBB-3EA3-4A53-8FA7-D785149282B6}.Release|iPhone.ActiveCfg = Release|Any CPU
		{12584BBB-3EA3-4A53-8FA7-D785149282B6}.Release|iPhone.Build.0 = Release|Any CPU
	EndGlobalSection
EndGlobal
